{
    "_readme": [
        "This file locks the dependencies of your project to a known state",
        "Read more about it at http://getcomposer.org/doc/01-basic-usage.md#composer-lock-the-lock-file",
        "This file is @generated automatically"
    ],
    "hash": "156d966a683955e777e9080644a82538",
    "packages": [
        {
            "name": "dreamcommerce/shop-appstore-lib",
            "version": "1.0.2",
            "source": {
                "type": "git",
                "url": "https://github.com/dreamcommerce/shop-appstore-lib.git",
                "reference": "392385be49d33702d3a3d863aed722c2a2468754"
            },
            "dist": {
                "type": "zip",
                "url": "https://api.github.com/repos/dreamcommerce/shop-appstore-lib/zipball/392385be49d33702d3a3d863aed722c2a2468754",
                "reference": "392385be49d33702d3a3d863aed722c2a2468754",
                "shasum": ""
            },
            "require": {
                "php": ">=5.3.0",
                "psr/log": "1.0.0"
            },
            "type": "library",
            "autoload": {
                "psr-4": {
                    "DreamCommerce\\": "src/DreamCommerce"
                }
            },
            "notification-url": "https://packagist.org/downloads/",
            "license": [
                "MIT"
            ],
            "authors": [
                {
                    "name": "Przemysław eRIZ Pawliczuk",
                    "email": "przemyslaw.pawliczuk@shoper.pl"
                },
                {
                    "name": "Michał Korus",
                    "email": "michal.korus@shoper.pl"
                }
            ],
            "description": "SDK for Dreamcommerce based shops REST-API",
            "time": "2016-03-15 10:58:29"
        },
        {
            "name": "psr/log",
            "version": "1.0.0",
            "source": {
                "type": "git",
                "url": "https://github.com/php-fig/log.git",
                "reference": "fe0936ee26643249e916849d48e3a51d5f5e278b"
            },
            "dist": {
                "type": "zip",
                "url": "https://api.github.com/repos/php-fig/log/zipball/fe0936ee26643249e916849d48e3a51d5f5e278b",
                "reference": "fe0936ee26643249e916849d48e3a51d5f5e278b",
                "shasum": ""
            },
            "type": "library",
            "autoload": {
                "psr-0": {
                    "Psr\\Log\\": ""
                }
            },
            "notification-url": "https://packagist.org/downloads/",
            "license": [
                "MIT"
            ],
            "authors": [
                {
                    "name": "PHP-FIG",
                    "homepage": "http://www.php-fig.org/"
                }
            ],
            "description": "Common interface for logging libraries",
            "keywords": [
                "log",
                "psr",
                "psr-3"
            ],
            "time": "2012-12-21 11:40:51"
        }
    ],
    "packages-dev": [],
    "aliases": [],
    "minimum-stability": "stable",
    "stability-flags": [],
    "prefer-stable": false,
    "prefer-lowest": false,
    "platform": {
        "php": ">=5.3.3"
    },
    "platform-dev": []
}
